
Microsoft Visual Studio Solution File, Format Version 12.00
# Visual Studio Version 16
VisualStudioVersion = 16.0.32002.261
MinimumVisualStudioVersion = 10.0.40219.1
Project("{FAE04EC0-301F-11D3-BF4B-00C04F79EFBC}") = "Vchasno", "Vchasno.csproj", "{D4563AF5-381D-4441-AF3C-5A111364E755}"
EndProject
Project("{FAE04EC0-301F-11D3-BF4B-00C04F79EFBC}") = "VchasnoUI", "VchasnoUI\VchasnoUI.csproj", "{AC2C872A-CC21-43E0-8237-B6799E6AEF04}"
EndProject
Global
	GlobalSection(SolutionConfigurationPlatforms) = preSolution
		Debug|Any CPU = Debug|Any CPU
		Release|Any CPU = Release|Any CPU
	EndGlobalSection
	GlobalSection(ProjectConfigurationPlatforms) = postSolution
		{D4563AF5-381D-4441-AF3C-5A111364E755}.Debug|Any CPU.ActiveCfg = Debug|Any CPU
		{D4563AF5-381D-4441-AF3C-5A111364E755}.Debug|Any CPU.Build.0 = Debug|Any CPU
		{D4563AF5-381D-4441-AF3C-5A111364E755}.Release|Any CPU.ActiveCfg = Release|Any CPU
		{D4563AF5-381D-4441-AF3C-5A111364E755}.Release|Any CPU.Build.0 = Release|Any CPU
		{AC2C872A-CC21-43E0-8237-B6799E6AEF04}.Debug|Any CPU.ActiveCfg = Debug|Any CPU
		{AC2C872A-CC21-43E0-8237-B6799E6AEF04}.Debug|Any CPU.Build.0 = Debug|Any CPU
		{AC2C872A-CC21-43E0-8237-B6799E6AEF04}.Release|Any CPU.ActiveCfg = Release|Any CPU
		{AC2C872A-CC21-43E0-8237-B6799E6AEF04}.Release|Any CPU.Build.0 = Release|Any CPU
	EndGlobalSection
	GlobalSection(SolutionProperties) = preSolution
		HideSolutionNode = FALSE
	EndGlobalSection
	GlobalSection(ExtensibilityGlobals) = postSolution
		SolutionGuid = {55DA6974-4925-410A-85BB-BE5001F9B494}
	EndGlobalSection
EndGlobal
